
Microsoft Visual Studio Solution File, Format Version 12.00
# Visual Studio Version 17
VisualStudioVersion = 17.14.36623.8
MinimumVisualStudioVersion = 10.0.40219.1
Project("{FAE04EC0-301F-11D3-BF4B-00C04F79EFBC}") = "NewVK", "NewVK\NewVK.csproj", "{FE806D82-A228-4E0D-80F7-8E6F0A8460B7}"
EndProject
Global
	GlobalSection(SolutionConfigurationPlatforms) = preSolution
		Debug|Any CPU = Debug|Any CPU
		Release|Any CPU = Release|Any CPU
	EndGlobalSection
	GlobalSection(ProjectConfigurationPlatforms) = postSolution
		{FE806D82-A228-4E0D-80F7-8E6F0A8460B7}.Debug|Any CPU.ActiveCfg = Debug|Any CPU
		{FE806D82-A228-4E0D-80F7-8E6F0A8460B7}.Debug|Any CPU.Build.0 = Debug|Any CPU
		{FE806D82-A228-4E0D-80F7-8E6F0A8460B7}.Release|Any CPU.ActiveCfg = Release|Any CPU
		{FE806D82-A228-4E0D-80F7-8E6F0A8460B7}.Release|Any CPU.Build.0 = Release|Any CPU
	EndGlobalSection
	GlobalSection(SolutionProperties) = preSolution
		HideSolutionNode = FALSE
	EndGlobalSection
	GlobalSection(ExtensibilityGlobals) = postSolution
		SolutionGuid = {5BC6745F-406C-422C-BDFE-D55004308E64}
	EndGlobalSection
EndGlobal
